// !$*UTF8*$!
{
	archiveVersion = 1;
	classes = {
	};
	objectVersion = 46;
	objects = {

/* Begin PBXBuildFile section */
		8A278D851E7ECAE2002A15E3 /* AppDelegate.swift in Sources */ = {isa = PBXBuildFile; fileRef = 8A278D841E7ECAE2002A15E3 /* AppDelegate.swift */; };
		8A278D871E7ECAE2002A15E3 /* ViewController.swift in Sources */ = {isa = PBXBuildFile; fileRef = 8A278D861E7ECAE2002A15E3 /* ViewController.swift */; };
		8A278D8A1E7ECAE2002A15E3 /* Main.storyboard in Resources */ = {isa = PBXBuildFile; fileRef = 8A278D881E7ECAE2002A15E3 /* Main.storyboard */; };
		8A278D8C1E7ECAE2002A15E3 /* Assets.xcassets in Resources */ = {isa = PBXBuildFile; fileRef = 8A278D8B1E7ECAE2002A15E3 /* Assets.xcassets */; };
		8A278D8F1E7ECAE2002A15E3 /* LaunchScreen.storyboard in Resources */ = {isa = PBXBuildFile; fileRef = 8A278D8D1E7ECAE2002A15E3 /* LaunchScreen.storyboard */; };
		8A8EB6FE1E7ECB9E00F71C5E /* Slog.swift in Sources */ = {isa = PBXBuildFile; fileRef = 8A8EB6FB1E7ECB9E00F71C5E /* Slog.swift */; };
		8A8EB6FF1E7ECB9E00F71C5E /* Slog+CheckError.swift in Sources */ = {isa = PBXBuildFile; fileRef = 8A8EB6FC1E7ECB9E00F71C5E /* Slog+CheckError.swift */; };
		8A8EB7001E7ECB9E00F71C5E /* Slog+ReportError.swift in Sources */ = {isa = PBXBuildFile; fileRef = 8A8EB6FD1E7ECB9E00F71C5E /* Slog+ReportError.swift */; };
/* End PBXBuildFile section */

/* Begin PBXFileReference section */
		8A278D811E7ECAE2002A15E3 /* SlogExample.app */ = {isa = PBXFileReference; explicitFileType = wrapper.application; includeInIndex = 0; path = SlogExample.app; sourceTree = BUILT_PRODUCTS_DIR; };
		8A278D841E7ECAE2002A15E3 /* AppDelegate.swift */ = {isa = PBXFileReference; lastKnownFileType = sourcecode.swift; path = AppDelegate.swift; sourceTree = "<group>"; };
		8A278D861E7ECAE2002A15E3 /* ViewController.swift */ = {isa = PBXFileReference; lastKnownFileType = sourcecode.swift; path = ViewController.swift; sourceTree = "<group>"; };
		8A278D891E7ECAE2002A15E3 /* Base */ = {isa = PBXFileReference; lastKnownFileType = file.storyboard; name = Base; path = Base.lproj/Main.storyboard; sourceTree = "<group>"; };
		8A278D8B1E7ECAE2002A15E3 /* Assets.xcassets */ = {isa = PBXFileReference; lastKnownFileType = folder.assetcatalog; path = Assets.xcassets; sourceTree = "<group>"; };
		8A278D8E1E7ECAE2002A15E3 /* Base */ = {isa = PBXFileReference; lastKnownFileType = file.storyboard; name = Base; path = Base.lproj/LaunchScreen.storyboard; sourceTree = "<group>"; };
		8A278D901E7ECAE2002A15E3 /* Info.plist */ = {isa = PBXFileReference; lastKnownFileType = text.plist.xml; path = Info.plist; sourceTree = "<group>"; };
		8A8EB6FB1E7ECB9E00F71C5E /* Slog.swift */ = {isa = PBXFileReference; fileEncoding = 4; lastKnownFileType = sourcecode.swift; name = Slog.swift; path = ../../source/Slog.swift; sourceTree = "<group>"; };
		8A8EB6FC1E7ECB9E00F71C5E /* Slog+CheckError.swift */ = {isa = PBXFileReference; fileEncoding = 4; lastKnownFileType = sourcecode.swift; name = "Slog+CheckError.swift"; path = "../../source/Slog+CheckError.swift"; sourceTree = "<group>"; };
		8A8EB6FD1E7ECB9E00F71C5E /* Slog+ReportError.swift */ = {isa = PBXFileReference; fileEncoding = 4; lastKnownFileType = sourcecode.swift; name = "Slog+ReportError.swift"; path = "../../source/Slog+ReportError.swift"; sourceTree = "<group>"; };
/* End PBXFileReference section */

/* Begin PBXFrameworksBuildPhase section */
		8A278D7E1E7ECAE2002A15E3 /* Frameworks */ = {
			isa = PBXFrameworksBuildPhase;
			buildActionMask = 2147483647;
			files = (
			);
			runOnlyForDeploymentPostprocessing = 0;
		};
/* End PBXFrameworksBuildPhase section */

/* Begin PBXGroup section */
		8A278D781E7ECAE2002A15E3 = {
			isa = PBXGroup;
			children = (
				8A278D831E7ECAE2002A15E3 /* SlogExample */,
				8A278D821E7ECAE2002A15E3 /* Products */,
			);
			sourceTree = "<group>";
		};
		8A278D821E7ECAE2002A15E3 /* Products */ = {
			isa = PBXGroup;
			children = (
				8A278D811E7ECAE2002A15E3 /* SlogExample.app */,
			);
			name = Products;
			sourceTree = "<group>";
		};
		8A278D831E7ECAE2002A15E3 /* SlogExample */ = {
			isa = PBXGroup;
			children = (
				8A8EB6FA1E7ECB9200F71C5E /* source */,
				8A278D841E7ECAE2002A15E3 /* AppDelegate.swift */,
				8A278D861E7ECAE2002A15E3 /* ViewController.swift */,
				8A278D881E7ECAE2002A15E3 /* Main.storyboard */,
				8A278D8B1E7ECAE2002A15E3 /* Assets.xcassets */,
				8A278D8D1E7ECAE2002A15E3 /* LaunchScreen.storyboard */,
				8A278D901E7ECAE2002A15E3 /* Info.plist */,
			);
			path = SlogExample;
			sourceTree = "<group>";
		};
		8A8EB6FA1E7ECB9200F71C5E /* source */ = {
			isa = PBXGroup;
			children = (
				8A8EB6FB1E7ECB9E00F71C5E /* Slog.swift */,
				8A8EB6FC1E7ECB9E00F71C5E /* Slog+CheckError.swift */,
				8A8EB6FD1E7ECB9E00F71C5E /* Slog+ReportError.swift */,
			);
			name = source;
			sourceTree = "<group>";
		};
/* End PBXGroup section */

/* Begin PBXNativeTarget section */
		8A278D801E7ECAE2002A15E3 /* SlogExample */ = {
			isa = PBXNativeTarget;
			buildConfigurationList = 8A278D931E7ECAE2002A15E3 /* Build configuration list for PBXNativeTarget "SlogExample" */;
			buildPhases = (
				8A278D7D1E7ECAE2002A15E3 /* Sources */,
				8A278D7E1E7ECAE2002A15E3 /* Frameworks */,
				8A278D7F1E7ECAE2002A15E3 /* Resources */,
			);
			buildRules = (
			);
			dependencies = (
			);
			name = SlogExample;
			productName = SlogExample;
			productReference = 8A278D811E7ECAE2002A15E3 /* SlogExample.app */;
			productType = "com.apple.product-type.application";
		};
/* End PBXNativeTarget section */

/* Begin PBXProject section */
		8A278D791E7ECAE2002A15E3 /* Project object */ = {
			isa = PBXProject;
			attributes = {
				LastSwiftUpdateCheck = 0820;
				LastUpgradeCheck = 0820;
				ORGANIZATIONNAME = Raizlabs;
				TargetAttributes = {
					8A278D801E7ECAE2002A15E3 = {
						CreatedOnToolsVersion = 8.2.1;
						ProvisioningStyle = Automatic;
					};
				};
			};
			buildConfigurationList = 8A278D7C1E7ECAE2002A15E3 /* Build configuration list for PBXProject "SlogExample" */;
			compatibilityVersion = "Xcode 3.2";
			developmentRegion = English;
			hasScannedForEncodings = 0;
			knownRegions = (
				en,
				Base,
			);
			mainGroup = 8A278D781E7ECAE2002A15E3;
			productRefGroup = 8A278D821E7ECAE2002A15E3 /* Products */;
			projectDirPath = "";
			projectRoot = "";
			targets = (
				8A278D801E7ECAE2002A15E3 /* SlogExample */,
			);
		};
/* End PBXProject section */

/* Begin PBXResourcesBuildPhase section */
		8A278D7F1E7ECAE2002A15E3 /* Resources */ = {
			isa = PBXResourcesBuildPhase;
			buildActionMask = 2147483647;
			files = (
				8A278D8F1E7ECAE2002A15E3 /* LaunchScreen.storyboard in Resources */,
				8A278D8C1E7ECAE2002A15E3 /* Assets.xcassets in Resources */,
				8A278D8A1E7ECAE2002A15E3 /* Main.storyboard in Resources */,
			);
			runOnlyForDeploymentPostprocessing = 0;
		};
/* End PBXResourcesBuildPhase section */

/* Begin PBXSourcesBuildPhase section */
		8A278D7D1E7ECAE2002A15E3 /* Sources */ = {
			isa = PBXSourcesBuildPhase;
			buildActionMask = 2147483647;
			files = (
				8A8EB6FF1E7ECB9E00F71C5E /* Slog+CheckError.swift in Sources */,
				8A8EB7001E7ECB9E00F71C5E /* Slog+ReportError.swift in Sources */,
				8A278D871E7ECAE2002A15E3 /* ViewController.swift in Sources */,
				8A8EB6FE1E7ECB9E00F71C5E /* Slog.swift in Sources */,
				8A278D851E7ECAE2002A15E3 /* AppDelegate.swift in Sources */,
			);
			runOnlyForDeploymentPostprocessing = 0;
		};
/* End PBXSourcesBuildPhase section */

/* Begin PBXVariantGroup section */
		8A278D881E7ECAE2002A15E3 /* Main.storyboard */ = {
			isa = PBXVariantGroup;
			children = (
				8A278D891E7ECAE2002A15E3 /* Base */,
			);
			name = Main.storyboard;
			sourceTree = "<group>";
		};
		8A278D8D1E7ECAE2002A15E3 /* LaunchScreen.storyboard */ = {
			isa = PBXVariantGroup;
			children = (
				8A278D8E1E7ECAE2002A15E3 /* Base */,
			);
			name = LaunchScreen.storyboard;
			sourceTree = "<group>";
		};
/* End PBXVariantGroup section */

/* Begin XCBuildConfiguration section */
		8A278D911E7ECAE2002A15E3 /* Debug */ = {
			isa = XCBuildConfiguration;
			buildSettings = {
				ALWAYS_SEARCH_USER_PATHS = NO;
				CLANG_ANALYZER_NONNULL = YES;
				CLANG_CXX_LANGUAGE_STANDARD = "gnu++0x";
				CLANG_CXX_LIBRARY = "libc++";
				CLANG_ENABLE_MODULES = YES;
				CLANG_ENABLE_OBJC_ARC = YES;
				CLANG_WARN_BOOL_CONVERSION = YES;
				CLANG_WARN_CONSTANT_CONVERSION = YES;
				CLANG_WARN_DIRECT_OBJC_ISA_USAGE = YES_ERROR;
				CLANG_WARN_DOCUMENTATION_COMMENTS = YES;
				CLANG_WARN_EMPTY_BODY = YES;
				CLANG_WARN_ENUM_CONVERSION = YES;
				CLANG_WARN_INFINITE_RECURSION = YES;
				CLANG_WARN_INT_CONVERSION = YES;
				CLANG_WARN_OBJC_ROOT_CLASS = YES_ERROR;
				CLANG_WARN_SUSPICIOUS_MOVE = YES;
				CLANG_WARN_UNREACHABLE_CODE = YES;
				CLANG_WARN__DUPLICATE_METHOD_MATCH = YES;
				"CODE_SIGN_IDENTITY[sdk=iphoneos*]" = "iPhone Developer";
				COPY_PHASE_STRIP = NO;
				DEBUG_INFORMATION_FORMAT = dwarf;
				ENABLE_STRICT_OBJC_MSGSEND = YES;
				ENABLE_TESTABILITY = YES;
				GCC_C_LANGUAGE_STANDARD = gnu99;
				GCC_DYNAMIC_NO_PIC = NO;
				GCC_NO_COMMON_BLOCKS = YES;
				GCC_OPTIMIZATION_LEVEL = 0;
				GCC_PREPROCESSOR_DEFINITIONS = (
					"DEBUG=1",
					"$(inherited)",
				);
				GCC_WARN_64_TO_32_BIT_CONVERSION = YES;
				GCC_WARN_ABOUT_RETURN_TYPE = YES_ERROR;
				GCC_WARN_UNDECLARED_SELECTOR = YES;
				GCC_WARN_UNINITIALIZED_AUTOS = YES_AGGRESSIVE;
				GCC_WARN_UNUSED_FUNCTION = YES;
				GCC_WARN_UNUSED_VARIABLE = YES;
				IPHONEOS_DEPLOYMENT_TARGET = 10.2;
				MTL_ENABLE_DEBUG_INFO = YES;
				ONLY_ACTIVE_ARCH = YES;
				SDKROOT = iphoneos;
				SWIFT_ACTIVE_COMPILATION_CONDITIONS = DEBUG;
				SWIFT_OPTIMIZATION_LEVEL = "-Onone";
			};
			name = Debug;
		};
		8A278D921E7ECAE2002A15E3 /* Release */ = {
			isa = XCBuildConfiguration;
			buildSettings = {
				ALWAYS_SEARCH_USER_PATHS = NO;
				CLANG_ANALYZER_NONNULL = YES;
				CLANG_CXX_LANGUAGE_STANDARD = "gnu++0x";
				CLANG_CXX_LIBRARY = "libc++";
				CLANG_ENABLE_MODULES = YES;
				CLANG_ENABLE_OBJC_ARC = YES;
				CLANG_WARN_BOOL_CONVERSION = YES;
				CLANG_WARN_CONSTANT_CONVERSION = YES;
				CLANG_WARN_DIRECT_OBJC_ISA_USAGE = YES_ERROR;
				CLANG_WARN_DOCUMENTATION_COMMENTS = YES;
				CLANG_WARN_EMPTY_BODY = YES;
				CLANG_WARN_ENUM_CONVERSION = YES;
				CLANG_WARN_INFINITE_RECURSION = YES;
				CLANG_WARN_INT_CONVERSION = YES;
				CLANG_WARN_OBJC_ROOT_CLASS = YES_ERROR;
				CLANG_WARN_SUSPICIOUS_MOVE = YES;
				CLANG_WARN_UNREACHABLE_CODE = YES;
				CLANG_WARN__DUPLICATE_METHOD_MATCH = YES;
				"CODE_SIGN_IDENTITY[sdk=iphoneos*]" = "iPhone Developer";
				COPY_PHASE_STRIP = NO;
				DEBUG_INFORMATION_FORMAT = "dwarf-with-dsym";
				ENABLE_NS_ASSERTIONS = NO;
				ENABLE_STRICT_OBJC_MSGSEND = YES;
				GCC_C_LANGUAGE_STANDARD = gnu99;
				GCC_NO_COMMON_BLOCKS = YES;
				GCC_WARN_64_TO_32_BIT_CONVERSION = YES;
				GCC_WARN_ABOUT_RETURN_TYPE = YES_ERROR;
				GCC_WARN_UNDECLARED_SELECTOR = YES;
				GCC_WARN_UNINITIALIZED_AUTOS = YES_AGGRESSIVE;
				GCC_WARN_UNUSED_FUNCTION = YES;
				GCC_WARN_UNUSED_VARIABLE = YES;
				IPHONEOS_DEPLOYMENT_TARGET = 10.2;
				MTL_ENABLE_DEBUG_INFO = NO;
				SDKROOT = iphoneos;
				SWIFT_OPTIMIZATION_LEVEL = "-Owholemodule";
				VALIDATE_PRODUCT = YES;
			};
			name = Release;
		};
		8A278D941E7ECAE2002A15E3 /* Debug */ = {
			isa = XCBuildConfiguration;
			buildSettings = {
				ASSETCATALOG_COMPILER_APPICON_NAME = AppIcon;
				INFOPLIST_FILE = SlogExample/Info.plist;
				LD_RUNPATH_SEARCH_PATHS = "$(inherited) @executable_path/Frameworks";
				PRODUCT_BUNDLE_IDENTIFIER = com.raizlabs.SlogExample;
				PRODUCT_NAME = "$(TARGET_NAME)";
				SWIFT_VERSION = 3.0;
			};
			name = Debug;
		};
		8A278D951E7ECAE2002A15E3 /* Release */ = {
			isa = XCBuildConfiguration;
			buildSettings = {
				ASSETCATALOG_COMPILER_APPICON_NAME = AppIcon;
				INFOPLIST_FILE = SlogExample/Info.plist;
				LD_RUNPATH_SEARCH_PATHS = "$(inherited) @executable_path/Frameworks";
				PRODUCT_BUNDLE_IDENTIFIER = com.raizlabs.SlogExample;
				PRODUCT_NAME = "$(TARGET_NAME)";
				SWIFT_VERSION = 3.0;
			};
			name = Release;
		};
/* End XCBuildConfiguration section */

/* Begin XCConfigurationList section */
		8A278D7C1E7ECAE2002A15E3 /* Build configuration list for PBXProject "SlogExample" */ = {
			isa = XCConfigurationList;
			buildConfigurations = (
				8A278D911E7ECAE2002A15E3 /* Debug */,
				8A278D921E7ECAE2002A15E3 /* Release */,
			);
			defaultConfigurationIsVisible = 0;
			defaultConfigurationName = Release;
		};
		8A278D931E7ECAE2002A15E3 /* Build configuration list for PBXNativeTarget "SlogExample" */ = {
			isa = XCConfigurationList;
			buildConfigurations = (
				8A278D941E7ECAE2002A15E3 /* Debug */,
				8A278D951E7ECAE2002A15E3 /* Release */,
			);
			defaultConfigurationIsVisible = 0;
			defaultConfigurationName = Release;
		};
/* End XCConfigurationList section */
	};
	rootObject = 8A278D791E7ECAE2002A15E3 /* Project object */;
}
